
Microsoft Visual Studio Solution File, Format Version 12.00
# Visual Studio 2013
VisualStudioVersion = 12.0.21005.1
MinimumVisualStudioVersion = 10.0.40219.1
Project("{FAE04EC0-301F-11D3-BF4B-00C04F79EFBC}") = "Infer.IDE", "Infer.IDE\Infer.IDE.csproj", "{6ACED796-555D-4D5D-86F6-75D320C9CD2B}"
EndProject
Project("{FAE04EC0-301F-11D3-BF4B-00C04F79EFBC}") = "Backend", "Backend\Backend.csproj", "{9959F912-18D8-448B-8452-9916E34B24B6}"
EndProject
Project("{F2A71F9B-5D33-465A-A702-920D77279786}") = "CodeAnalysis", "CodeAnalysis\CodeAnalysis.fsproj", "{92A27946-8CC9-4146-9D12-A1EA4DF5C8EB}"
EndProject
Global
	GlobalSection(SolutionConfigurationPlatforms) = preSolution
		Debug|Any CPU = Debug|Any CPU
		Release|Any CPU = Release|Any CPU
	EndGlobalSection
	GlobalSection(ProjectConfigurationPlatforms) = postSolution
		{6ACED796-555D-4D5D-86F6-75D320C9CD2B}.Debug|Any CPU.ActiveCfg = Debug|Any CPU
		{6ACED796-555D-4D5D-86F6-75D320C9CD2B}.Debug|Any CPU.Build.0 = Debug|Any CPU
		{6ACED796-555D-4D5D-86F6-75D320C9CD2B}.Release|Any CPU.ActiveCfg = Release|Any CPU
		{6ACED796-555D-4D5D-86F6-75D320C9CD2B}.Release|Any CPU.Build.0 = Release|Any CPU
		{9959F912-18D8-448B-8452-9916E34B24B6}.Debug|Any CPU.ActiveCfg = Debug|Any CPU
		{9959F912-18D8-448B-8452-9916E34B24B6}.Debug|Any CPU.Build.0 = Debug|Any CPU
		{9959F912-18D8-448B-8452-9916E34B24B6}.Release|Any CPU.ActiveCfg = Release|Any CPU
		{9959F912-18D8-448B-8452-9916E34B24B6}.Release|Any CPU.Build.0 = Release|Any CPU
		{92A27946-8CC9-4146-9D12-A1EA4DF5C8EB}.Debug|Any CPU.ActiveCfg = Debug|Any CPU
		{92A27946-8CC9-4146-9D12-A1EA4DF5C8EB}.Debug|Any CPU.Build.0 = Debug|Any CPU
		{92A27946-8CC9-4146-9D12-A1EA4DF5C8EB}.Release|Any CPU.ActiveCfg = Release|Any CPU
		{92A27946-8CC9-4146-9D12-A1EA4DF5C8EB}.Release|Any CPU.Build.0 = Release|Any CPU
	EndGlobalSection
	GlobalSection(SolutionProperties) = preSolution
		HideSolutionNode = FALSE
	EndGlobalSection
EndGlobal
